// !$*UTF8*$!
{
	archiveVersion = 1;
	classes = {
	};
	objectVersion = 55;
	objects = {

/* Begin PBXBuildFile section */
		1F3F32442987F4D600774073 /* BookingDetailViewController.swift in Sources */ = {isa = PBXBuildFile; fileRef = 1F3F32432987F4D600774073 /* BookingDetailViewController.swift */; };
		1F3F32482987FADB00774073 /* BookingDetailTableViewCell.swift in Sources */ = {isa = PBXBuildFile; fileRef = 1F3F32472987FADB00774073 /* BookingDetailTableViewCell.swift */; };
		1FB421B4298B93820055B509 /* ParkedCarListViewController.swift in Sources */ = {isa = PBXBuildFile; fileRef = 1FB421B3298B93810055B509 /* ParkedCarListViewController.swift */; };
		1FB421B6298B94ED0055B509 /* ReservedCarLotViewController.swift in Sources */ = {isa = PBXBuildFile; fileRef = 1FB421B5298B94ED0055B509 /* ReservedCarLotViewController.swift */; };
		1FB421B8298B97200055B509 /* ReservedCarLotTableViewCell.swift in Sources */ = {isa = PBXBuildFile; fileRef = 1FB421B7298B97200055B509 /* ReservedCarLotTableViewCell.swift */; };
		1FB421BA298B97430055B509 /* ParkedCarTableViewCell.swift in Sources */ = {isa = PBXBuildFile; fileRef = 1FB421B9298B97430055B509 /* ParkedCarTableViewCell.swift */; };
		1FB421BD298B9CF20055B509 /* FindParkLotViewController.swift in Sources */ = {isa = PBXBuildFile; fileRef = 1FB421BC298B9CF20055B509 /* FindParkLotViewController.swift */; };
		1FB421BF298B9D830055B509 /* FindCarViewController.swift in Sources */ = {isa = PBXBuildFile; fileRef = 1FB421BE298B9D830055B509 /* FindCarViewController.swift */; };
		1FB421C1298BA03D0055B509 /* map.geojson in Resources */ = {isa = PBXBuildFile; fileRef = 1FB421C0298BA03D0055B509 /* map.geojson */; };
		1FBA90FC29877990002694B3 /* AppDelegate.swift in Sources */ = {isa = PBXBuildFile; fileRef = 1FBA90FB29877990002694B3 /* AppDelegate.swift */; };
		1FBA90FE29877990002694B3 /* SceneDelegate.swift in Sources */ = {isa = PBXBuildFile; fileRef = 1FBA90FD29877990002694B3 /* SceneDelegate.swift */; };
		1FBA910029877990002694B3 /* ViewController.swift in Sources */ = {isa = PBXBuildFile; fileRef = 1FBA90FF29877990002694B3 /* ViewController.swift */; };
		1FBA910329877990002694B3 /* Main.storyboard in Resources */ = {isa = PBXBuildFile; fileRef = 1FBA910129877990002694B3 /* Main.storyboard */; };
		1FBA910629877990002694B3 /* Light_G.xcdatamodeld in Sources */ = {isa = PBXBuildFile; fileRef = 1FBA910429877990002694B3 /* Light_G.xcdatamodeld */; };
		1FBA910829877995002694B3 /* Assets.xcassets in Resources */ = {isa = PBXBuildFile; fileRef = 1FBA910729877995002694B3 /* Assets.xcassets */; };
		1FBA910B29877995002694B3 /* LaunchScreen.storyboard in Resources */ = {isa = PBXBuildFile; fileRef = 1FBA910929877995002694B3 /* LaunchScreen.storyboard */; };
		1FBA911329877BDC002694B3 /* MenuViewController.swift in Sources */ = {isa = PBXBuildFile; fileRef = 1FBA911229877BDC002694B3 /* MenuViewController.swift */; };
		1FBA911629877FFB002694B3 /* MenuTableViewCell.swift in Sources */ = {isa = PBXBuildFile; fileRef = 1FBA911529877FFB002694B3 /* MenuTableViewCell.swift */; };
		1FBA911829878223002694B3 /* BookingViewController.swift in Sources */ = {isa = PBXBuildFile; fileRef = 1FBA911729878223002694B3 /* BookingViewController.swift */; };
		1FBA911A2987826A002694B3 /* BookingTableViewCell.swift in Sources */ = {isa = PBXBuildFile; fileRef = 1FBA91192987826A002694B3 /* BookingTableViewCell.swift */; };
		1FBC010D29914ACF00676AED /* FindLotIndoorViewController.swift in Sources */ = {isa = PBXBuildFile; fileRef = 1FBC010C29914ACF00676AED /* FindLotIndoorViewController.swift */; };
		1FBC010F29914AE900676AED /* FindCarIndoorViewController.swift in Sources */ = {isa = PBXBuildFile; fileRef = 1FBC010E29914AE900676AED /* FindCarIndoorViewController.swift */; };
/* End PBXBuildFile section */

/* Begin PBXFileReference section */
		1F3F32432987F4D600774073 /* BookingDetailViewController.swift */ = {isa = PBXFileReference; lastKnownFileType = sourcecode.swift; path = BookingDetailViewController.swift; sourceTree = "<group>"; };
		1F3F32472987FADB00774073 /* BookingDetailTableViewCell.swift */ = {isa = PBXFileReference; fileEncoding = 4; lastKnownFileType = sourcecode.swift; path = BookingDetailTableViewCell.swift; sourceTree = "<group>"; };
		1FB421B3298B93810055B509 /* ParkedCarListViewController.swift */ = {isa = PBXFileReference; lastKnownFileType = sourcecode.swift; path = ParkedCarListViewController.swift; sourceTree = "<group>"; };
		1FB421B5298B94ED0055B509 /* ReservedCarLotViewController.swift */ = {isa = PBXFileReference; lastKnownFileType = sourcecode.swift; path = ReservedCarLotViewController.swift; sourceTree = "<group>"; };
		1FB421B7298B97200055B509 /* ReservedCarLotTableViewCell.swift */ = {isa = PBXFileReference; lastKnownFileType = sourcecode.swift; path = ReservedCarLotTableViewCell.swift; sourceTree = "<group>"; };
		1FB421B9298B97430055B509 /* ParkedCarTableViewCell.swift */ = {isa = PBXFileReference; lastKnownFileType = sourcecode.swift; path = ParkedCarTableViewCell.swift; sourceTree = "<group>"; };
		1FB421BC298B9CF20055B509 /* FindParkLotViewController.swift */ = {isa = PBXFileReference; lastKnownFileType = sourcecode.swift; path = FindParkLotViewController.swift; sourceTree = "<group>"; };
		1FB421BE298B9D830055B509 /* FindCarViewController.swift */ = {isa = PBXFileReference; lastKnownFileType = sourcecode.swift; path = FindCarViewController.swift; sourceTree = "<group>"; };
		1FB421C0298BA03D0055B509 /* map.geojson */ = {isa = PBXFileReference; fileEncoding = 4; lastKnownFileType = text; path = map.geojson; sourceTree = "<group>"; };
		1FBA90F829877990002694B3 /* Light-G.app */ = {isa = PBXFileReference; explicitFileType = wrapper.application; includeInIndex = 0; path = "Light-G.app"; sourceTree = BUILT_PRODUCTS_DIR; };
		1FBA90FB29877990002694B3 /* AppDelegate.swift */ = {isa = PBXFileReference; lastKnownFileType = sourcecode.swift; path = AppDelegate.swift; sourceTree = "<group>"; };
		1FBA90FD29877990002694B3 /* SceneDelegate.swift */ = {isa = PBXFileReference; lastKnownFileType = sourcecode.swift; path = SceneDelegate.swift; sourceTree = "<group>"; };
		1FBA90FF29877990002694B3 /* ViewController.swift */ = {isa = PBXFileReference; lastKnownFileType = sourcecode.swift; path = ViewController.swift; sourceTree = "<group>"; };
		1FBA910229877990002694B3 /* Base */ = {isa = PBXFileReference; lastKnownFileType = file.storyboard; name = Base; path = Base.lproj/Main.storyboard; sourceTree = "<group>"; };
		1FBA910529877990002694B3 /* Light_G.xcdatamodel */ = {isa = PBXFileReference; lastKnownFileType = wrapper.xcdatamodel; path = Light_G.xcdatamodel; sourceTree = "<group>"; };
		1FBA910729877995002694B3 /* Assets.xcassets */ = {isa = PBXFileReference; lastKnownFileType = folder.assetcatalog; path = Assets.xcassets; sourceTree = "<group>"; };
		1FBA910A29877995002694B3 /* Base */ = {isa = PBXFileReference; lastKnownFileType = file.storyboard; name = Base; path = Base.lproj/LaunchScreen.storyboard; sourceTree = "<group>"; };
		1FBA910C29877995002694B3 /* Info.plist */ = {isa = PBXFileReference; lastKnownFileType = text.plist.xml; path = Info.plist; sourceTree = "<group>"; };
		1FBA911229877BDC002694B3 /* MenuViewController.swift */ = {isa = PBXFileReference; lastKnownFileType = sourcecode.swift; path = MenuViewController.swift; sourceTree = "<group>"; };
		1FBA911529877FFB002694B3 /* MenuTableViewCell.swift */ = {isa = PBXFileReference; lastKnownFileType = sourcecode.swift; path = MenuTableViewCell.swift; sourceTree = "<group>"; };
		1FBA911729878223002694B3 /* BookingViewController.swift */ = {isa = PBXFileReference; lastKnownFileType = sourcecode.swift; path = BookingViewController.swift; sourceTree = "<group>"; };
		1FBA91192987826A002694B3 /* BookingTableViewCell.swift */ = {isa = PBXFileReference; lastKnownFileType = sourcecode.swift; path = BookingTableViewCell.swift; sourceTree = "<group>"; };
		1FBC010C29914ACF00676AED /* FindLotIndoorViewController.swift */ = {isa = PBXFileReference; lastKnownFileType = sourcecode.swift; path = FindLotIndoorViewController.swift; sourceTree = "<group>"; };
		1FBC010E29914AE900676AED /* FindCarIndoorViewController.swift */ = {isa = PBXFileReference; lastKnownFileType = sourcecode.swift; path = FindCarIndoorViewController.swift; sourceTree = "<group>"; };
/* End PBXFileReference section */

/* Begin PBXFrameworksBuildPhase section */
		1FBA90F529877990002694B3 /* Frameworks */ = {
			isa = PBXFrameworksBuildPhase;
			buildActionMask = 2147483647;
			files = (
			);
			runOnlyForDeploymentPostprocessing = 0;
		};
/* End PBXFrameworksBuildPhase section */

/* Begin PBXGroup section */
		1FB421BB298B9BDA0055B509 /* Model */ = {
			isa = PBXGroup;
			children = (
				1FB421C0298BA03D0055B509 /* map.geojson */,
			);
			path = Model;
			sourceTree = "<group>";
		};
		1FBA90EF29877990002694B3 = {
			isa = PBXGroup;
			children = (
				1FBA90FA29877990002694B3 /* Light-G */,
				1FBA90F929877990002694B3 /* Products */,
			);
			sourceTree = "<group>";
		};
		1FBA90F929877990002694B3 /* Products */ = {
			isa = PBXGroup;
			children = (
				1FBA90F829877990002694B3 /* Light-G.app */,
			);
			name = Products;
			sourceTree = "<group>";
		};
		1FBA90FA29877990002694B3 /* Light-G */ = {
			isa = PBXGroup;
			children = (
				1FB421BB298B9BDA0055B509 /* Model */,
				1FBA911429877FC5002694B3 /* ViewCell */,
				1FBA90FB29877990002694B3 /* AppDelegate.swift */,
				1FBA90FD29877990002694B3 /* SceneDelegate.swift */,
				1FBA90FF29877990002694B3 /* ViewController.swift */,
				1FBA910129877990002694B3 /* Main.storyboard */,
				1FBA910729877995002694B3 /* Assets.xcassets */,
				1FBA910929877995002694B3 /* LaunchScreen.storyboard */,
				1FBA910C29877995002694B3 /* Info.plist */,
				1FBA910429877990002694B3 /* Light_G.xcdatamodeld */,
				1FBA911229877BDC002694B3 /* MenuViewController.swift */,
				1FBA911729878223002694B3 /* BookingViewController.swift */,
				1F3F32432987F4D600774073 /* BookingDetailViewController.swift */,
				1FB421B3298B93810055B509 /* ParkedCarListViewController.swift */,
				1FB421B5298B94ED0055B509 /* ReservedCarLotViewController.swift */,
				1FB421BC298B9CF20055B509 /* FindParkLotViewController.swift */,
				1FB421BE298B9D830055B509 /* FindCarViewController.swift */,
				1FBC010C29914ACF00676AED /* FindLotIndoorViewController.swift */,
				1FBC010E29914AE900676AED /* FindCarIndoorViewController.swift */,
			);
			path = "Light-G";
			sourceTree = "<group>";
		};
		1FBA911429877FC5002694B3 /* ViewCell */ = {
			isa = PBXGroup;
			children = (
				1F3F32472987FADB00774073 /* BookingDetailTableViewCell.swift */,
				1FBA911529877FFB002694B3 /* MenuTableViewCell.swift */,
				1FBA91192987826A002694B3 /* BookingTableViewCell.swift */,
				1FB421B7298B97200055B509 /* ReservedCarLotTableViewCell.swift */,
				1FB421B9298B97430055B509 /* ParkedCarTableViewCell.swift */,
			);
			path = ViewCell;
			sourceTree = "<group>";
		};
/* End PBXGroup section */

/* Begin PBXNativeTarget section */
		1FBA90F729877990002694B3 /* Light-G */ = {
			isa = PBXNativeTarget;
			buildConfigurationList = 1FBA910F29877995002694B3 /* Build configuration list for PBXNativeTarget "Light-G" */;
			buildPhases = (
				1FBA90F429877990002694B3 /* Sources */,
				1FBA90F529877990002694B3 /* Frameworks */,
				1FBA90F629877990002694B3 /* Resources */,
			);
			buildRules = (
			);
			dependencies = (
			);
			name = "Light-G";
			productName = "Light-G";
			productReference = 1FBA90F829877990002694B3 /* Light-G.app */;
			productType = "com.apple.product-type.application";
		};
/* End PBXNativeTarget section */

/* Begin PBXProject section */
		1FBA90F029877990002694B3 /* Project object */ = {
			isa = PBXProject;
			attributes = {
				BuildIndependentTargetsInParallel = 1;
				LastSwiftUpdateCheck = 1340;
				LastUpgradeCheck = 1340;
				TargetAttributes = {
					1FBA90F729877990002694B3 = {
						CreatedOnToolsVersion = 13.4.1;
					};
				};
			};
			buildConfigurationList = 1FBA90F329877990002694B3 /* Build configuration list for PBXProject "Light-G" */;
			compatibilityVersion = "Xcode 13.0";
			developmentRegion = en;
			hasScannedForEncodings = 0;
			knownRegions = (
				en,
				Base,
			);
			mainGroup = 1FBA90EF29877990002694B3;
			productRefGroup = 1FBA90F929877990002694B3 /* Products */;
			projectDirPath = "";
			projectRoot = "";
			targets = (
				1FBA90F729877990002694B3 /* Light-G */,
			);
		};
/* End PBXProject section */

/* Begin PBXResourcesBuildPhase section */
		1FBA90F629877990002694B3 /* Resources */ = {
			isa = PBXResourcesBuildPhase;
			buildActionMask = 2147483647;
			files = (
				1FB421C1298BA03D0055B509 /* map.geojson in Resources */,
				1FBA910B29877995002694B3 /* LaunchScreen.storyboard in Resources */,
				1FBA910829877995002694B3 /* Assets.xcassets in Resources */,
				1FBA910329877990002694B3 /* Main.storyboard in Resources */,
			);
			runOnlyForDeploymentPostprocessing = 0;
		};
/* End PBXResourcesBuildPhase section */

/* Begin PBXSourcesBuildPhase section */
		1FBA90F429877990002694B3 /* Sources */ = {
			isa = PBXSourcesBuildPhase;
			buildActionMask = 2147483647;
			files = (
				1FBA910029877990002694B3 /* ViewController.swift in Sources */,
				1F3F32442987F4D600774073 /* BookingDetailViewController.swift in Sources */,
				1FB421B4298B93820055B509 /* ParkedCarListViewController.swift in Sources */,
				1FB421B8298B97200055B509 /* ReservedCarLotTableViewCell.swift in Sources */,
				1FBA911A2987826A002694B3 /* BookingTableViewCell.swift in Sources */,
				1FBA911329877BDC002694B3 /* MenuViewController.swift in Sources */,
				1FBA911629877FFB002694B3 /* MenuTableViewCell.swift in Sources */,
				1FBC010F29914AE900676AED /* FindCarIndoorViewController.swift in Sources */,
				1FB421BA298B97430055B509 /* ParkedCarTableViewCell.swift in Sources */,
				1FBA90FC29877990002694B3 /* AppDelegate.swift in Sources */,
				1FBC010D29914ACF00676AED /* FindLotIndoorViewController.swift in Sources */,
				1FB421BD298B9CF20055B509 /* FindParkLotViewController.swift in Sources */,
				1FBA910629877990002694B3 /* Light_G.xcdatamodeld in Sources */,
				1FBA911829878223002694B3 /* BookingViewController.swift in Sources */,
				1FB421BF298B9D830055B509 /* FindCarViewController.swift in Sources */,
				1FB421B6298B94ED0055B509 /* ReservedCarLotViewController.swift in Sources */,
				1F3F32482987FADB00774073 /* BookingDetailTableViewCell.swift in Sources */,
				1FBA90FE29877990002694B3 /* SceneDelegate.swift in Sources */,
			);
			runOnlyForDeploymentPostprocessing = 0;
		};
/* End PBXSourcesBuildPhase section */

/* Begin PBXVariantGroup section */
		1FBA910129877990002694B3 /* Main.storyboard */ = {
			isa = PBXVariantGroup;
			children = (
				1FBA910229877990002694B3 /* Base */,
			);
			name = Main.storyboard;
			sourceTree = "<group>";
		};
		1FBA910929877995002694B3 /* LaunchScreen.storyboard */ = {
			isa = PBXVariantGroup;
			children = (
				1FBA910A29877995002694B3 /* Base */,
			);
			name = LaunchScreen.storyboard;
			sourceTree = "<group>";
		};
/* End PBXVariantGroup section */

/* Begin XCBuildConfiguration section */
		1FBA910D29877995002694B3 /* Debug */ = {
			isa = XCBuildConfiguration;
			buildSettings = {
				ALWAYS_SEARCH_USER_PATHS = NO;
				CLANG_ANALYZER_NONNULL = YES;
				CLANG_ANALYZER_NUMBER_OBJECT_CONVERSION = YES_AGGRESSIVE;
				CLANG_CXX_LANGUAGE_STANDARD = "gnu++17";
				CLANG_ENABLE_MODULES = YES;
				CLANG_ENABLE_OBJC_ARC = YES;
				CLANG_ENABLE_OBJC_WEAK = YES;
				CLANG_WARN_BLOCK_CAPTURE_AUTORELEASING = YES;
				CLANG_WARN_BOOL_CONVERSION = YES;
				CLANG_WARN_COMMA = YES;
				CLANG_WARN_CONSTANT_CONVERSION = YES;
				CLANG_WARN_DEPRECATED_OBJC_IMPLEMENTATIONS = YES;
				CLANG_WARN_DIRECT_OBJC_ISA_USAGE = YES_ERROR;
				CLANG_WARN_DOCUMENTATION_COMMENTS = YES;
				CLANG_WARN_EMPTY_BODY = YES;
				CLANG_WARN_ENUM_CONVERSION = YES;
				CLANG_WARN_INFINITE_RECURSION = YES;
				CLANG_WARN_INT_CONVERSION = YES;
				CLANG_WARN_NON_LITERAL_NULL_CONVERSION = YES;
				CLANG_WARN_OBJC_IMPLICIT_RETAIN_SELF = YES;
				CLANG_WARN_OBJC_LITERAL_CONVERSION = YES;
				CLANG_WARN_OBJC_ROOT_CLASS = YES_ERROR;
				CLANG_WARN_QUOTED_INCLUDE_IN_FRAMEWORK_HEADER = YES;
				CLANG_WARN_RANGE_LOOP_ANALYSIS = YES;
				CLANG_WARN_STRICT_PROTOTYPES = YES;
				CLANG_WARN_SUSPICIOUS_MOVE = YES;
				CLANG_WARN_UNGUARDED_AVAILABILITY = YES_AGGRESSIVE;
				CLANG_WARN_UNREACHABLE_CODE = YES;
				CLANG_WARN__DUPLICATE_METHOD_MATCH = YES;
				COPY_PHASE_STRIP = NO;
				DEBUG_INFORMATION_FORMAT = dwarf;
				ENABLE_STRICT_OBJC_MSGSEND = YES;
				ENABLE_TESTABILITY = YES;
				GCC_C_LANGUAGE_STANDARD = gnu11;
				GCC_DYNAMIC_NO_PIC = NO;
				GCC_NO_COMMON_BLOCKS = YES;
				GCC_OPTIMIZATION_LEVEL = 0;
				GCC_PREPROCESSOR_DEFINITIONS = (
					"DEBUG=1",
					"$(inherited)",
				);
				GCC_WARN_64_TO_32_BIT_CONVERSION = YES;
				GCC_WARN_ABOUT_RETURN_TYPE = YES_ERROR;
				GCC_WARN_UNDECLARED_SELECTOR = YES;
				GCC_WARN_UNINITIALIZED_AUTOS = YES_AGGRESSIVE;
				GCC_WARN_UNUSED_FUNCTION = YES;
				GCC_WARN_UNUSED_VARIABLE = YES;
				IPHONEOS_DEPLOYMENT_TARGET = 15.5;
				MTL_ENABLE_DEBUG_INFO = INCLUDE_SOURCE;
				MTL_FAST_MATH = YES;
				ONLY_ACTIVE_ARCH = YES;
				SDKROOT = iphoneos;
				SWIFT_ACTIVE_COMPILATION_CONDITIONS = DEBUG;
				SWIFT_OPTIMIZATION_LEVEL = "-Onone";
			};
			name = Debug;
		};
		1FBA910E29877995002694B3 /* Release */ = {
			isa = XCBuildConfiguration;
			buildSettings = {
				ALWAYS_SEARCH_USER_PATHS = NO;
				CLANG_ANALYZER_NONNULL = YES;
				CLANG_ANALYZER_NUMBER_OBJECT_CONVERSION = YES_AGGRESSIVE;
				CLANG_CXX_LANGUAGE_STANDARD = "gnu++17";
				CLANG_ENABLE_MODULES = YES;
				CLANG_ENABLE_OBJC_ARC = YES;
				CLANG_ENABLE_OBJC_WEAK = YES;
				CLANG_WARN_BLOCK_CAPTURE_AUTORELEASING = YES;
				CLANG_WARN_BOOL_CONVERSION = YES;
				CLANG_WARN_COMMA = YES;
				CLANG_WARN_CONSTANT_CONVERSION = YES;
				CLANG_WARN_DEPRECATED_OBJC_IMPLEMENTATIONS = YES;
				CLANG_WARN_DIRECT_OBJC_ISA_USAGE = YES_ERROR;
				CLANG_WARN_DOCUMENTATION_COMMENTS = YES;
				CLANG_WARN_EMPTY_BODY = YES;
				CLANG_WARN_ENUM_CONVERSION = YES;
				CLANG_WARN_INFINITE_RECURSION = YES;
				CLANG_WARN_INT_CONVERSION = YES;
				CLANG_WARN_NON_LITERAL_NULL_CONVERSION = YES;
				CLANG_WARN_OBJC_IMPLICIT_RETAIN_SELF = YES;
				CLANG_WARN_OBJC_LITERAL_CONVERSION = YES;
				CLANG_WARN_OBJC_ROOT_CLASS = YES_ERROR;
				CLANG_WARN_QUOTED_INCLUDE_IN_FRAMEWORK_HEADER = YES;
				CLANG_WARN_RANGE_LOOP_ANALYSIS = YES;
				CLANG_WARN_STRICT_PROTOTYPES = YES;
				CLANG_WARN_SUSPICIOUS_MOVE = YES;
				CLANG_WARN_UNGUARDED_AVAILABILITY = YES_AGGRESSIVE;
				CLANG_WARN_UNREACHABLE_CODE = YES;
				CLANG_WARN__DUPLICATE_METHOD_MATCH = YES;
				COPY_PHASE_STRIP = NO;
				DEBUG_INFORMATION_FORMAT = "dwarf-with-dsym";
				ENABLE_NS_ASSERTIONS = NO;
				ENABLE_STRICT_OBJC_MSGSEND = YES;
				GCC_C_LANGUAGE_STANDARD = gnu11;
				GCC_NO_COMMON_BLOCKS = YES;
				GCC_WARN_64_TO_32_BIT_CONVERSION = YES;
				GCC_WARN_ABOUT_RETURN_TYPE = YES_ERROR;
				GCC_WARN_UNDECLARED_SELECTOR = YES;
				GCC_WARN_UNINITIALIZED_AUTOS = YES_AGGRESSIVE;
				GCC_WARN_UNUSED_FUNCTION = YES;
				GCC_WARN_UNUSED_VARIABLE = YES;
				IPHONEOS_DEPLOYMENT_TARGET = 15.5;
				MTL_ENABLE_DEBUG_INFO = NO;
				MTL_FAST_MATH = YES;
				SDKROOT = iphoneos;
				SWIFT_COMPILATION_MODE = wholemodule;
				SWIFT_OPTIMIZATION_LEVEL = "-O";
				VALIDATE_PRODUCT = YES;
			};
			name = Release;
		};
		1FBA911029877995002694B3 /* Debug */ = {
			isa = XCBuildConfiguration;
			buildSettings = {
				ASSETCATALOG_COMPILER_APPICON_NAME = AppIcon;
				ASSETCATALOG_COMPILER_GLOBAL_ACCENT_COLOR_NAME = AccentColor;
				CODE_SIGN_STYLE = Automatic;
				CURRENT_PROJECT_VERSION = 1;
				GENERATE_INFOPLIST_FILE = YES;
				INFOPLIST_FILE = "Light-G/Info.plist";
				INFOPLIST_KEY_UIApplicationSupportsIndirectInputEvents = YES;
				INFOPLIST_KEY_UILaunchStoryboardName = LaunchScreen;
				INFOPLIST_KEY_UIMainStoryboardFile = Main;
				INFOPLIST_KEY_UISupportedInterfaceOrientations_iPad = "UIInterfaceOrientationPortrait UIInterfaceOrientationPortraitUpsideDown UIInterfaceOrientationLandscapeLeft UIInterfaceOrientationLandscapeRight";
				INFOPLIST_KEY_UISupportedInterfaceOrientations_iPhone = "UIInterfaceOrientationPortrait UIInterfaceOrientationLandscapeLeft UIInterfaceOrientationLandscapeRight";
				LD_RUNPATH_SEARCH_PATHS = (
					"$(inherited)",
					"@executable_path/Frameworks",
				);
				MARKETING_VERSION = 1.0;
				PRODUCT_BUNDLE_IDENTIFIER = "com.JamesAu2810.Light-G";
				PRODUCT_NAME = "$(TARGET_NAME)";
				SWIFT_EMIT_LOC_STRINGS = YES;
				SWIFT_VERSION = 5.0;
				TARGETED_DEVICE_FAMILY = "1,2";
			};
			name = Debug;
		};
		1FBA911129877995002694B3 /* Release */ = {
			isa = XCBuildConfiguration;
			buildSettings = {
				ASSETCATALOG_COMPILER_APPICON_NAME = AppIcon;
				ASSETCATALOG_COMPILER_GLOBAL_ACCENT_COLOR_NAME = AccentColor;
				CODE_SIGN_STYLE = Automatic;
				CURRENT_PROJECT_VERSION = 1;
				GENERATE_INFOPLIST_FILE = YES;
				INFOPLIST_FILE = "Light-G/Info.plist";
				INFOPLIST_KEY_UIApplicationSupportsIndirectInputEvents = YES;
				INFOPLIST_KEY_UILaunchStoryboardName = LaunchScreen;
				INFOPLIST_KEY_UIMainStoryboardFile = Main;
				INFOPLIST_KEY_UISupportedInterfaceOrientations_iPad = "UIInterfaceOrientationPortrait UIInterfaceOrientationPortraitUpsideDown UIInterfaceOrientationLandscapeLeft UIInterfaceOrientationLandscapeRight";
				INFOPLIST_KEY_UISupportedInterfaceOrientations_iPhone = "UIInterfaceOrientationPortrait UIInterfaceOrientationLandscapeLeft UIInterfaceOrientationLandscapeRight";
				LD_RUNPATH_SEARCH_PATHS = (
					"$(inherited)",
					"@executable_path/Frameworks",
				);
				MARKETING_VERSION = 1.0;
				PRODUCT_BUNDLE_IDENTIFIER = "com.JamesAu2810.Light-G";
				PRODUCT_NAME = "$(TARGET_NAME)";
				SWIFT_EMIT_LOC_STRINGS = YES;
				SWIFT_VERSION = 5.0;
				TARGETED_DEVICE_FAMILY = "1,2";
			};
			name = Release;
		};
/* End XCBuildConfiguration section */

/* Begin XCConfigurationList section */
		1FBA90F329877990002694B3 /* Build configuration list for PBXProject "Light-G" */ = {
			isa = XCConfigurationList;
			buildConfigurations = (
				1FBA910D29877995002694B3 /* Debug */,
				1FBA910E29877995002694B3 /* Release */,
			);
			defaultConfigurationIsVisible = 0;
			defaultConfigurationName = Release;
		};
		1FBA910F29877995002694B3 /* Build configuration list for PBXNativeTarget "Light-G" */ = {
			isa = XCConfigurationList;
			buildConfigurations = (
				1FBA911029877995002694B3 /* Debug */,
				1FBA911129877995002694B3 /* Release */,
			);
			defaultConfigurationIsVisible = 0;
			defaultConfigurationName = Release;
		};
/* End XCConfigurationList section */

/* Begin XCVersionGroup section */
		1FBA910429877990002694B3 /* Light_G.xcdatamodeld */ = {
			isa = XCVersionGroup;
			children = (
				1FBA910529877990002694B3 /* Light_G.xcdatamodel */,
			);
			currentVersion = 1FBA910529877990002694B3 /* Light_G.xcdatamodel */;
			path = Light_G.xcdatamodeld;
			sourceTree = "<group>";
			versionGroupType = wrapper.xcdatamodel;
		};
/* End XCVersionGroup section */
	};
	rootObject = 1FBA90F029877990002694B3 /* Project object */;
}
